
Microsoft Visual Studio Solution File, Format Version 12.00
# Visual Studio Version 17
VisualStudioVersion = 17.11.35208.52
MinimumVisualStudioVersion = 10.0.40219.1
Project("{FAE04EC0-301F-11D3-BF4B-00C04F79EFBC}") = "PrimeiraApi", "PrimeiraApi\PrimeiraApi.csproj", "{BABEAA3B-3349-4B3A-B057-CB7A1471B4AA}"
EndProject
Global
	GlobalSection(SolutionConfigurationPlatforms) = preSolution
		Debug|Any CPU = Debug|Any CPU
		Release|Any CPU = Release|Any CPU
	EndGlobalSection
	GlobalSection(ProjectConfigurationPlatforms) = postSolution
		{BABEAA3B-3349-4B3A-B057-CB7A1471B4AA}.Debug|Any CPU.ActiveCfg = Debug|Any CPU
		{BABEAA3B-3349-4B3A-B057-CB7A1471B4AA}.Debug|Any CPU.Build.0 = Debug|Any CPU
		{BABEAA3B-3349-4B3A-B057-CB7A1471B4AA}.Release|Any CPU.ActiveCfg = Release|Any CPU
		{BABEAA3B-3349-4B3A-B057-CB7A1471B4AA}.Release|Any CPU.Build.0 = Release|Any CPU
	EndGlobalSection
	GlobalSection(SolutionProperties) = preSolution
		HideSolutionNode = FALSE
	EndGlobalSection
	GlobalSection(ExtensibilityGlobals) = postSolution
		SolutionGuid = {C033454E-3B48-443E-8DAD-BFCD20B1DB10}
	EndGlobalSection
EndGlobal
